<Solution>
  <Project Path="CyberQuiz.API/CyberQuiz.API.csproj" />
  <Project Path="CyberQuiz.Application/CyberQuiz.Application.csproj" />
  <Project Path="CyberQuiz.Infrastructure/CyberQuiz.Infrastructure.csproj" />
  <Project Path="CyberQuiz.Shared/CyberQuiz.Shared.csproj" Id="8f1d154f-78f2-4840-8a3a-40c5dfe6bc72" />
  <Project Path="CyberQuiz.UI/CyberQuiz.UI.csproj" />
</Solution>
